
Microsoft Visual Studio Solution File, Format Version 12.00
# Visual Studio Version 16
VisualStudioVersion = 16.0.31515.178
MinimumVisualStudioVersion = 10.0.40219.1
Project("{FAE04EC0-301F-11D3-BF4B-00C04F79EFBC}") = "balance_chips", "balance_chips\balance_chips.csproj", "{2E978C44-2F60-43C6-89DC-95A577DB4586}"
EndProject
Global
	GlobalSection(SolutionConfigurationPlatforms) = preSolution
		Debug|Any CPU = Debug|Any CPU
		Release|Any CPU = Release|Any CPU
	EndGlobalSection
	GlobalSection(ProjectConfigurationPlatforms) = postSolution
		{2E978C44-2F60-43C6-89DC-95A577DB4586}.Debug|Any CPU.ActiveCfg = Debug|Any CPU
		{2E978C44-2F60-43C6-89DC-95A577DB4586}.Debug|Any CPU.Build.0 = Debug|Any CPU
		{2E978C44-2F60-43C6-89DC-95A577DB4586}.Release|Any CPU.ActiveCfg = Release|Any CPU
		{2E978C44-2F60-43C6-89DC-95A577DB4586}.Release|Any CPU.Build.0 = Release|Any CPU
	EndGlobalSection
	GlobalSection(SolutionProperties) = preSolution
		HideSolutionNode = FALSE
	EndGlobalSection
	GlobalSection(ExtensibilityGlobals) = postSolution
		SolutionGuid = {4C0A449A-3235-4BE3-9FEF-A1997AF2C248}
	EndGlobalSection
EndGlobal
